// !$*UTF8*$!
{
	archiveVersion = 1;
	classes = {
	};
	objectVersion = 55;
	objects = {

/* Begin PBXBuildFile section */
		A817BC56288ECB7C00415C17 /* DummyViewController.swift in Sources */ = {isa = PBXBuildFile; fileRef = A817BC55288ECB7C00415C17 /* DummyViewController.swift */; };
		A817BC59288ED58700415C17 /* LocalState.swift in Sources */ = {isa = PBXBuildFile; fileRef = A817BC58288ED58700415C17 /* LocalState.swift */; };
		A817BC5B288F00FD00415C17 /* UIViewController+Utils.swift in Sources */ = {isa = PBXBuildFile; fileRef = A817BC5A288F00FD00415C17 /* UIViewController+Utils.swift */; };
		A817BC5D288F02A100415C17 /* MainViewController.swift in Sources */ = {isa = PBXBuildFile; fileRef = A817BC5C288F02A100415C17 /* MainViewController.swift */; };
		A817BC60288F398900415C17 /* AccountSummaryViewController.swift in Sources */ = {isa = PBXBuildFile; fileRef = A817BC5F288F398900415C17 /* AccountSummaryViewController.swift */; };
		A81FA692288892630064CB1B /* AppDelegate.swift in Sources */ = {isa = PBXBuildFile; fileRef = A81FA691288892630064CB1B /* AppDelegate.swift */; };
		A81FA696288892630064CB1B /* LoginViewController.swift in Sources */ = {isa = PBXBuildFile; fileRef = A81FA695288892630064CB1B /* LoginViewController.swift */; };
		A81FA69B288892640064CB1B /* Assets.xcassets in Resources */ = {isa = PBXBuildFile; fileRef = A81FA69A288892640064CB1B /* Assets.xcassets */; };
		A81FA69E288892640064CB1B /* LaunchScreen.storyboard in Resources */ = {isa = PBXBuildFile; fileRef = A81FA69C288892640064CB1B /* LaunchScreen.storyboard */; };
		A81FA6A8288899BD0064CB1B /* LoginView.swift in Sources */ = {isa = PBXBuildFile; fileRef = A81FA6A7288899BD0064CB1B /* LoginView.swift */; };
		A82D82922891767A00479A3A /* ShakeyBellView.swift in Sources */ = {isa = PBXBuildFile; fileRef = A82D82912891767A00479A3A /* ShakeyBellView.swift */; };
		A8398D87288FF7B300DC464D /* AccountSummaryCell.swift in Sources */ = {isa = PBXBuildFile; fileRef = A8398D86288FF7B300DC464D /* AccountSummaryCell.swift */; };
		A8398D89289016FF00DC464D /* Decimal+Utils.swift in Sources */ = {isa = PBXBuildFile; fileRef = A8398D88289016FF00DC464D /* Decimal+Utils.swift */; };
		A8398D8B2890176000DC464D /* CurrencyFormatter.swift in Sources */ = {isa = PBXBuildFile; fileRef = A8398D8A2890176000DC464D /* CurrencyFormatter.swift */; };
		A8398D9A28903A3D00DC464D /* CurrencyFormatterTests.swift in Sources */ = {isa = PBXBuildFile; fileRef = A8398D9928903A3D00DC464D /* CurrencyFormatterTests.swift */; };
		A8398D9C2890583200DC464D /* NSNotificationName.swift in Sources */ = {isa = PBXBuildFile; fileRef = A8398D9B2890583200DC464D /* NSNotificationName.swift */; };
		A8398D9E2890883D00DC464D /* UITextField+SecureToggle.swift in Sources */ = {isa = PBXBuildFile; fileRef = A8398D9D2890883D00DC464D /* UITextField+SecureToggle.swift */; };
		A8672677288BEB1800F2B277 /* OnboardingContainerViewController.swift in Sources */ = {isa = PBXBuildFile; fileRef = A8672676288BEB1800F2B277 /* OnboardingContainerViewController.swift */; };
		A86726A8288C5D0C00F2B277 /* OnboardingViewController.swift in Sources */ = {isa = PBXBuildFile; fileRef = A86726A7288C5D0C00F2B277 /* OnboardingViewController.swift */; };
		A875646D288FD493004DED39 /* AccountSummaryHeaderView.swift in Sources */ = {isa = PBXBuildFile; fileRef = A875646C288FD493004DED39 /* AccountSummaryHeaderView.swift */; };
		A875646F288FD4DE004DED39 /* AccountSummaryHeaderView.xib in Resources */ = {isa = PBXBuildFile; fileRef = A875646E288FD4DE004DED39 /* AccountSummaryHeaderView.xib */; };
/* End PBXBuildFile section */

/* Begin PBXContainerItemProxy section */
		A8398D942890371F00DC464D /* PBXContainerItemProxy */ = {
			isa = PBXContainerItemProxy;
			containerPortal = A81FA686288892630064CB1B /* Project object */;
			proxyType = 1;
			remoteGlobalIDString = A81FA68D288892630064CB1B;
			remoteInfo = Bankey;
		};
/* End PBXContainerItemProxy section */

/* Begin PBXFileReference section */
		A817BC55288ECB7C00415C17 /* DummyViewController.swift */ = {isa = PBXFileReference; lastKnownFileType = sourcecode.swift; path = DummyViewController.swift; sourceTree = "<group>"; };
		A817BC58288ED58700415C17 /* LocalState.swift */ = {isa = PBXFileReference; lastKnownFileType = sourcecode.swift; path = LocalState.swift; sourceTree = "<group>"; };
		A817BC5A288F00FD00415C17 /* UIViewController+Utils.swift */ = {isa = PBXFileReference; lastKnownFileType = sourcecode.swift; path = "UIViewController+Utils.swift"; sourceTree = "<group>"; };
		A817BC5C288F02A100415C17 /* MainViewController.swift */ = {isa = PBXFileReference; lastKnownFileType = sourcecode.swift; path = MainViewController.swift; sourceTree = "<group>"; };
		A817BC5F288F398900415C17 /* AccountSummaryViewController.swift */ = {isa = PBXFileReference; lastKnownFileType = sourcecode.swift; path = AccountSummaryViewController.swift; sourceTree = "<group>"; };
		A81FA68E288892630064CB1B /* Bankey.app */ = {isa = PBXFileReference; explicitFileType = wrapper.application; includeInIndex = 0; path = Bankey.app; sourceTree = BUILT_PRODUCTS_DIR; };
		A81FA691288892630064CB1B /* AppDelegate.swift */ = {isa = PBXFileReference; lastKnownFileType = sourcecode.swift; path = AppDelegate.swift; sourceTree = "<group>"; };
		A81FA695288892630064CB1B /* LoginViewController.swift */ = {isa = PBXFileReference; lastKnownFileType = sourcecode.swift; path = LoginViewController.swift; sourceTree = "<group>"; };
		A81FA69A288892640064CB1B /* Assets.xcassets */ = {isa = PBXFileReference; lastKnownFileType = folder.assetcatalog; path = Assets.xcassets; sourceTree = "<group>"; };
		A81FA69D288892640064CB1B /* Base */ = {isa = PBXFileReference; lastKnownFileType = file.storyboard; name = Base; path = Base.lproj/LaunchScreen.storyboard; sourceTree = "<group>"; };
		A81FA69F288892640064CB1B /* Info.plist */ = {isa = PBXFileReference; lastKnownFileType = text.plist.xml; path = Info.plist; sourceTree = "<group>"; };
		A81FA6A7288899BD0064CB1B /* LoginView.swift */ = {isa = PBXFileReference; lastKnownFileType = sourcecode.swift; path = LoginView.swift; sourceTree = "<group>"; };
		A82D82912891767A00479A3A /* ShakeyBellView.swift */ = {isa = PBXFileReference; lastKnownFileType = sourcecode.swift; path = ShakeyBellView.swift; sourceTree = "<group>"; };
		A8398D86288FF7B300DC464D /* AccountSummaryCell.swift */ = {isa = PBXFileReference; lastKnownFileType = sourcecode.swift; path = AccountSummaryCell.swift; sourceTree = "<group>"; };
		A8398D88289016FF00DC464D /* Decimal+Utils.swift */ = {isa = PBXFileReference; lastKnownFileType = sourcecode.swift; path = "Decimal+Utils.swift"; sourceTree = "<group>"; };
		A8398D8A2890176000DC464D /* CurrencyFormatter.swift */ = {isa = PBXFileReference; lastKnownFileType = sourcecode.swift; path = CurrencyFormatter.swift; sourceTree = "<group>"; };
		A8398D902890371F00DC464D /* BankeyUnitTests.xctest */ = {isa = PBXFileReference; explicitFileType = wrapper.cfbundle; includeInIndex = 0; path = BankeyUnitTests.xctest; sourceTree = BUILT_PRODUCTS_DIR; };
		A8398D9928903A3D00DC464D /* CurrencyFormatterTests.swift */ = {isa = PBXFileReference; lastKnownFileType = sourcecode.swift; path = CurrencyFormatterTests.swift; sourceTree = "<group>"; };
		A8398D9B2890583200DC464D /* NSNotificationName.swift */ = {isa = PBXFileReference; lastKnownFileType = sourcecode.swift; path = NSNotificationName.swift; sourceTree = "<group>"; };
		A8398D9D2890883D00DC464D /* UITextField+SecureToggle.swift */ = {isa = PBXFileReference; lastKnownFileType = sourcecode.swift; path = "UITextField+SecureToggle.swift"; sourceTree = "<group>"; };
		A8672676288BEB1800F2B277 /* OnboardingContainerViewController.swift */ = {isa = PBXFileReference; lastKnownFileType = sourcecode.swift; path = OnboardingContainerViewController.swift; sourceTree = "<group>"; };
		A86726A7288C5D0C00F2B277 /* OnboardingViewController.swift */ = {isa = PBXFileReference; lastKnownFileType = sourcecode.swift; path = OnboardingViewController.swift; sourceTree = "<group>"; };
		A875646C288FD493004DED39 /* AccountSummaryHeaderView.swift */ = {isa = PBXFileReference; lastKnownFileType = sourcecode.swift; path = AccountSummaryHeaderView.swift; sourceTree = "<group>"; };
		A875646E288FD4DE004DED39 /* AccountSummaryHeaderView.xib */ = {isa = PBXFileReference; lastKnownFileType = file.xib; path = AccountSummaryHeaderView.xib; sourceTree = "<group>"; };
/* End PBXFileReference section */

/* Begin PBXFrameworksBuildPhase section */
		A81FA68B288892630064CB1B /* Frameworks */ = {
			isa = PBXFrameworksBuildPhase;
			buildActionMask = 2147483647;
			files = (
			);
			runOnlyForDeploymentPostprocessing = 0;
		};
		A8398D8D2890371F00DC464D /* Frameworks */ = {
			isa = PBXFrameworksBuildPhase;
			buildActionMask = 2147483647;
			files = (
			);
			runOnlyForDeploymentPostprocessing = 0;
		};
/* End PBXFrameworksBuildPhase section */

/* Begin PBXGroup section */
		A817BC57288ED56E00415C17 /* Utils */ = {
			isa = PBXGroup;
			children = (
				A817BC5A288F00FD00415C17 /* UIViewController+Utils.swift */,
				A8398D9D2890883D00DC464D /* UITextField+SecureToggle.swift */,
				A8398D88289016FF00DC464D /* Decimal+Utils.swift */,
				A817BC58288ED58700415C17 /* LocalState.swift */,
				A8398D8A2890176000DC464D /* CurrencyFormatter.swift */,
				A8398D9B2890583200DC464D /* NSNotificationName.swift */,
			);
			path = Utils;
			sourceTree = "<group>";
		};
		A817BC5E288F395C00415C17 /* AccountSummary */ = {
			isa = PBXGroup;
			children = (
				A817BC5F288F398900415C17 /* AccountSummaryViewController.swift */,
				A8398D84288FF74F00DC464D /* Header */,
				A8398D85288FF78300DC464D /* Cells */,
			);
			path = AccountSummary;
			sourceTree = "<group>";
		};
		A81FA685288892630064CB1B = {
			isa = PBXGroup;
			children = (
				A81FA690288892630064CB1B /* Bankey */,
				A8398D912890371F00DC464D /* BankeyUnitTests */,
				A81FA68F288892630064CB1B /* Products */,
			);
			sourceTree = "<group>";
		};
		A81FA68F288892630064CB1B /* Products */ = {
			isa = PBXGroup;
			children = (
				A81FA68E288892630064CB1B /* Bankey.app */,
				A8398D902890371F00DC464D /* BankeyUnitTests.xctest */,
			);
			name = Products;
			sourceTree = "<group>";
		};
		A81FA690288892630064CB1B /* Bankey */ = {
			isa = PBXGroup;
			children = (
				A82D82902891765200479A3A /* Components */,
				A81FA691288892630064CB1B /* AppDelegate.swift */,
				A817BC5C288F02A100415C17 /* MainViewController.swift */,
				A81FA6A62888995A0064CB1B /* Login */,
				A8672675288BEAC500F2B277 /* Onboarding */,
				A817BC5E288F395C00415C17 /* AccountSummary */,
				A817BC57288ED56E00415C17 /* Utils */,
				A81FA6A5288897E70064CB1B /* Files */,
			);
			path = Bankey;
			sourceTree = "<group>";
		};
		A81FA6A5288897E70064CB1B /* Files */ = {
			isa = PBXGroup;
			children = (
				A81FA69A288892640064CB1B /* Assets.xcassets */,
				A81FA69C288892640064CB1B /* LaunchScreen.storyboard */,
				A81FA69F288892640064CB1B /* Info.plist */,
			);
			name = Files;
			sourceTree = "<group>";
		};
		A81FA6A62888995A0064CB1B /* Login */ = {
			isa = PBXGroup;
			children = (
				A81FA695288892630064CB1B /* LoginViewController.swift */,
				A81FA6A7288899BD0064CB1B /* LoginView.swift */,
				A817BC55288ECB7C00415C17 /* DummyViewController.swift */,
			);
			path = Login;
			sourceTree = "<group>";
		};
		A82D82902891765200479A3A /* Components */ = {
			isa = PBXGroup;
			children = (
				A82D82912891767A00479A3A /* ShakeyBellView.swift */,
			);
			path = Components;
			sourceTree = "<group>";
		};
		A8398D84288FF74F00DC464D /* Header */ = {
			isa = PBXGroup;
			children = (
				A875646E288FD4DE004DED39 /* AccountSummaryHeaderView.xib */,
				A875646C288FD493004DED39 /* AccountSummaryHeaderView.swift */,
			);
			path = Header;
			sourceTree = "<group>";
		};
		A8398D85288FF78300DC464D /* Cells */ = {
			isa = PBXGroup;
			children = (
				A8398D86288FF7B300DC464D /* AccountSummaryCell.swift */,
			);
			path = Cells;
			sourceTree = "<group>";
		};
		A8398D912890371F00DC464D /* BankeyUnitTests */ = {
			isa = PBXGroup;
			children = (
				A8398D9928903A3D00DC464D /* CurrencyFormatterTests.swift */,
			);
			path = BankeyUnitTests;
			sourceTree = "<group>";
		};
		A8672675288BEAC500F2B277 /* Onboarding */ = {
			isa = PBXGroup;
			children = (
				A8672676288BEB1800F2B277 /* OnboardingContainerViewController.swift */,
				A86726A7288C5D0C00F2B277 /* OnboardingViewController.swift */,
			);
			path = Onboarding;
			sourceTree = "<group>";
		};
/* End PBXGroup section */

/* Begin PBXNativeTarget section */
		A81FA68D288892630064CB1B /* Bankey */ = {
			isa = PBXNativeTarget;
			buildConfigurationList = A81FA6A2288892640064CB1B /* Build configuration list for PBXNativeTarget "Bankey" */;
			buildPhases = (
				A81FA68A288892630064CB1B /* Sources */,
				A81FA68B288892630064CB1B /* Frameworks */,
				A81FA68C288892630064CB1B /* Resources */,
			);
			buildRules = (
			);
			dependencies = (
			);
			name = Bankey;
			productName = Bankey;
			productReference = A81FA68E288892630064CB1B /* Bankey.app */;
			productType = "com.apple.product-type.application";
		};
		A8398D8F2890371F00DC464D /* BankeyUnitTests */ = {
			isa = PBXNativeTarget;
			buildConfigurationList = A8398D962890371F00DC464D /* Build configuration list for PBXNativeTarget "BankeyUnitTests" */;
			buildPhases = (
				A8398D8C2890371F00DC464D /* Sources */,
				A8398D8D2890371F00DC464D /* Frameworks */,
				A8398D8E2890371F00DC464D /* Resources */,
			);
			buildRules = (
			);
			dependencies = (
				A8398D952890371F00DC464D /* PBXTargetDependency */,
			);
			name = BankeyUnitTests;
			productName = BankeyUnitTests;
			productReference = A8398D902890371F00DC464D /* BankeyUnitTests.xctest */;
			productType = "com.apple.product-type.bundle.unit-test";
		};
/* End PBXNativeTarget section */

/* Begin PBXProject section */
		A81FA686288892630064CB1B /* Project object */ = {
			isa = PBXProject;
			attributes = {
				BuildIndependentTargetsInParallel = 1;
				LastSwiftUpdateCheck = 1300;
				LastUpgradeCheck = 1300;
				TargetAttributes = {
					A81FA68D288892630064CB1B = {
						CreatedOnToolsVersion = 13.0;
					};
					A8398D8F2890371F00DC464D = {
						CreatedOnToolsVersion = 13.0;
						LastSwiftMigration = 1300;
						TestTargetID = A81FA68D288892630064CB1B;
					};
				};
			};
			buildConfigurationList = A81FA689288892630064CB1B /* Build configuration list for PBXProject "Bankey" */;
			compatibilityVersion = "Xcode 13.0";
			developmentRegion = en;
			hasScannedForEncodings = 0;
			knownRegions = (
				en,
				Base,
			);
			mainGroup = A81FA685288892630064CB1B;
			productRefGroup = A81FA68F288892630064CB1B /* Products */;
			projectDirPath = "";
			projectRoot = "";
			targets = (
				A81FA68D288892630064CB1B /* Bankey */,
				A8398D8F2890371F00DC464D /* BankeyUnitTests */,
			);
		};
/* End PBXProject section */

/* Begin PBXResourcesBuildPhase section */
		A81FA68C288892630064CB1B /* Resources */ = {
			isa = PBXResourcesBuildPhase;
			buildActionMask = 2147483647;
			files = (
				A875646F288FD4DE004DED39 /* AccountSummaryHeaderView.xib in Resources */,
				A81FA69E288892640064CB1B /* LaunchScreen.storyboard in Resources */,
				A81FA69B288892640064CB1B /* Assets.xcassets in Resources */,
			);
			runOnlyForDeploymentPostprocessing = 0;
		};
		A8398D8E2890371F00DC464D /* Resources */ = {
			isa = PBXResourcesBuildPhase;
			buildActionMask = 2147483647;
			files = (
			);
			runOnlyForDeploymentPostprocessing = 0;
		};
/* End PBXResourcesBuildPhase section */

/* Begin PBXSourcesBuildPhase section */
		A81FA68A288892630064CB1B /* Sources */ = {
			isa = PBXSourcesBuildPhase;
			buildActionMask = 2147483647;
			files = (
				A817BC5B288F00FD00415C17 /* UIViewController+Utils.swift in Sources */,
				A81FA6A8288899BD0064CB1B /* LoginView.swift in Sources */,
				A817BC59288ED58700415C17 /* LocalState.swift in Sources */,
				A875646D288FD493004DED39 /* AccountSummaryHeaderView.swift in Sources */,
				A8398D9E2890883D00DC464D /* UITextField+SecureToggle.swift in Sources */,
				A817BC56288ECB7C00415C17 /* DummyViewController.swift in Sources */,
				A8398D8B2890176000DC464D /* CurrencyFormatter.swift in Sources */,
				A8398D89289016FF00DC464D /* Decimal+Utils.swift in Sources */,
				A8398D9C2890583200DC464D /* NSNotificationName.swift in Sources */,
				A81FA696288892630064CB1B /* LoginViewController.swift in Sources */,
				A82D82922891767A00479A3A /* ShakeyBellView.swift in Sources */,
				A8398D87288FF7B300DC464D /* AccountSummaryCell.swift in Sources */,
				A86726A8288C5D0C00F2B277 /* OnboardingViewController.swift in Sources */,
				A817BC5D288F02A100415C17 /* MainViewController.swift in Sources */,
				A817BC60288F398900415C17 /* AccountSummaryViewController.swift in Sources */,
				A81FA692288892630064CB1B /* AppDelegate.swift in Sources */,
				A8672677288BEB1800F2B277 /* OnboardingContainerViewController.swift in Sources */,
			);
			runOnlyForDeploymentPostprocessing = 0;
		};
		A8398D8C2890371F00DC464D /* Sources */ = {
			isa = PBXSourcesBuildPhase;
			buildActionMask = 2147483647;
			files = (
				A8398D9A28903A3D00DC464D /* CurrencyFormatterTests.swift in Sources */,
			);
			runOnlyForDeploymentPostprocessing = 0;
		};
/* End PBXSourcesBuildPhase section */

/* Begin PBXTargetDependency section */
		A8398D952890371F00DC464D /* PBXTargetDependency */ = {
			isa = PBXTargetDependency;
			target = A81FA68D288892630064CB1B /* Bankey */;
			targetProxy = A8398D942890371F00DC464D /* PBXContainerItemProxy */;
		};
/* End PBXTargetDependency section */

/* Begin PBXVariantGroup section */
		A81FA69C288892640064CB1B /* LaunchScreen.storyboard */ = {
			isa = PBXVariantGroup;
			children = (
				A81FA69D288892640064CB1B /* Base */,
			);
			name = LaunchScreen.storyboard;
			sourceTree = "<group>";
		};
/* End PBXVariantGroup section */

/* Begin XCBuildConfiguration section */
		A81FA6A0288892640064CB1B /* Debug */ = {
			isa = XCBuildConfiguration;
			buildSettings = {
				ALWAYS_SEARCH_USER_PATHS = NO;
				CLANG_ANALYZER_NONNULL = YES;
				CLANG_ANALYZER_NUMBER_OBJECT_CONVERSION = YES_AGGRESSIVE;
				CLANG_CXX_LANGUAGE_STANDARD = "gnu++17";
				CLANG_CXX_LIBRARY = "libc++";
				CLANG_ENABLE_MODULES = YES;
				CLANG_ENABLE_OBJC_ARC = YES;
				CLANG_ENABLE_OBJC_WEAK = YES;
				CLANG_WARN_BLOCK_CAPTURE_AUTORELEASING = YES;
				CLANG_WARN_BOOL_CONVERSION = YES;
				CLANG_WARN_COMMA = YES;
				CLANG_WARN_CONSTANT_CONVERSION = YES;
				CLANG_WARN_DEPRECATED_OBJC_IMPLEMENTATIONS = YES;
				CLANG_WARN_DIRECT_OBJC_ISA_USAGE = YES_ERROR;
				CLANG_WARN_DOCUMENTATION_COMMENTS = YES;
				CLANG_WARN_EMPTY_BODY = YES;
				CLANG_WARN_ENUM_CONVERSION = YES;
				CLANG_WARN_INFINITE_RECURSION = YES;
				CLANG_WARN_INT_CONVERSION = YES;
				CLANG_WARN_NON_LITERAL_NULL_CONVERSION = YES;
				CLANG_WARN_OBJC_IMPLICIT_RETAIN_SELF = YES;
				CLANG_WARN_OBJC_LITERAL_CONVERSION = YES;
				CLANG_WARN_OBJC_ROOT_CLASS = YES_ERROR;
				CLANG_WARN_QUOTED_INCLUDE_IN_FRAMEWORK_HEADER = YES;
				CLANG_WARN_RANGE_LOOP_ANALYSIS = YES;
				CLANG_WARN_STRICT_PROTOTYPES = YES;
				CLANG_WARN_SUSPICIOUS_MOVE = YES;
				CLANG_WARN_UNGUARDED_AVAILABILITY = YES_AGGRESSIVE;
				CLANG_WARN_UNREACHABLE_CODE = YES;
				CLANG_WARN__DUPLICATE_METHOD_MATCH = YES;
				COPY_PHASE_STRIP = NO;
				DEBUG_INFORMATION_FORMAT = dwarf;
				ENABLE_STRICT_OBJC_MSGSEND = YES;
				ENABLE_TESTABILITY = YES;
				GCC_C_LANGUAGE_STANDARD = gnu11;
				GCC_DYNAMIC_NO_PIC = NO;
				GCC_NO_COMMON_BLOCKS = YES;
				GCC_OPTIMIZATION_LEVEL = 0;
				GCC_PREPROCESSOR_DEFINITIONS = (
					"DEBUG=1",
					"$(inherited)",
				);
				GCC_WARN_64_TO_32_BIT_CONVERSION = YES;
				GCC_WARN_ABOUT_RETURN_TYPE = YES_ERROR;
				GCC_WARN_UNDECLARED_SELECTOR = YES;
				GCC_WARN_UNINITIALIZED_AUTOS = YES_AGGRESSIVE;
				GCC_WARN_UNUSED_FUNCTION = YES;
				GCC_WARN_UNUSED_VARIABLE = YES;
				IPHONEOS_DEPLOYMENT_TARGET = 15.0;
				MTL_ENABLE_DEBUG_INFO = INCLUDE_SOURCE;
				MTL_FAST_MATH = YES;
				ONLY_ACTIVE_ARCH = YES;
				SDKROOT = iphoneos;
				SWIFT_ACTIVE_COMPILATION_CONDITIONS = DEBUG;
				SWIFT_OPTIMIZATION_LEVEL = "-Onone";
			};
			name = Debug;
		};
		A81FA6A1288892640064CB1B /* Release */ = {
			isa = XCBuildConfiguration;
			buildSettings = {
				ALWAYS_SEARCH_USER_PATHS = NO;
				CLANG_ANALYZER_NONNULL = YES;
				CLANG_ANALYZER_NUMBER_OBJECT_CONVERSION = YES_AGGRESSIVE;
				CLANG_CXX_LANGUAGE_STANDARD = "gnu++17";
				CLANG_CXX_LIBRARY = "libc++";
				CLANG_ENABLE_MODULES = YES;
				CLANG_ENABLE_OBJC_ARC = YES;
				CLANG_ENABLE_OBJC_WEAK = YES;
				CLANG_WARN_BLOCK_CAPTURE_AUTORELEASING = YES;
				CLANG_WARN_BOOL_CONVERSION = YES;
				CLANG_WARN_COMMA = YES;
				CLANG_WARN_CONSTANT_CONVERSION = YES;
				CLANG_WARN_DEPRECATED_OBJC_IMPLEMENTATIONS = YES;
				CLANG_WARN_DIRECT_OBJC_ISA_USAGE = YES_ERROR;
				CLANG_WARN_DOCUMENTATION_COMMENTS = YES;
				CLANG_WARN_EMPTY_BODY = YES;
				CLANG_WARN_ENUM_CONVERSION = YES;
				CLANG_WARN_INFINITE_RECURSION = YES;
				CLANG_WARN_INT_CONVERSION = YES;
				CLANG_WARN_NON_LITERAL_NULL_CONVERSION = YES;
				CLANG_WARN_OBJC_IMPLICIT_RETAIN_SELF = YES;
				CLANG_WARN_OBJC_LITERAL_CONVERSION = YES;
				CLANG_WARN_OBJC_ROOT_CLASS = YES_ERROR;
				CLANG_WARN_QUOTED_INCLUDE_IN_FRAMEWORK_HEADER = YES;
				CLANG_WARN_RANGE_LOOP_ANALYSIS = YES;
				CLANG_WARN_STRICT_PROTOTYPES = YES;
				CLANG_WARN_SUSPICIOUS_MOVE = YES;
				CLANG_WARN_UNGUARDED_AVAILABILITY = YES_AGGRESSIVE;
				CLANG_WARN_UNREACHABLE_CODE = YES;
				CLANG_WARN__DUPLICATE_METHOD_MATCH = YES;
				COPY_PHASE_STRIP = NO;
				DEBUG_INFORMATION_FORMAT = "dwarf-with-dsym";
				ENABLE_NS_ASSERTIONS = NO;
				ENABLE_STRICT_OBJC_MSGSEND = YES;
				GCC_C_LANGUAGE_STANDARD = gnu11;
				GCC_NO_COMMON_BLOCKS = YES;
				GCC_WARN_64_TO_32_BIT_CONVERSION = YES;
				GCC_WARN_ABOUT_RETURN_TYPE = YES_ERROR;
				GCC_WARN_UNDECLARED_SELECTOR = YES;
				GCC_WARN_UNINITIALIZED_AUTOS = YES_AGGRESSIVE;
				GCC_WARN_UNUSED_FUNCTION = YES;
				GCC_WARN_UNUSED_VARIABLE = YES;
				IPHONEOS_DEPLOYMENT_TARGET = 15.0;
				MTL_ENABLE_DEBUG_INFO = NO;
				MTL_FAST_MATH = YES;
				SDKROOT = iphoneos;
				SWIFT_COMPILATION_MODE = wholemodule;
				SWIFT_OPTIMIZATION_LEVEL = "-O";
				VALIDATE_PRODUCT = YES;
			};
			name = Release;
		};
		A81FA6A3288892640064CB1B /* Debug */ = {
			isa = XCBuildConfiguration;
			buildSettings = {
				ASSETCATALOG_COMPILER_APPICON_NAME = AppIcon;
				ASSETCATALOG_COMPILER_GLOBAL_ACCENT_COLOR_NAME = AccentColor;
				CODE_SIGN_STYLE = Automatic;
				CURRENT_PROJECT_VERSION = 1;
				GENERATE_INFOPLIST_FILE = YES;
				INFOPLIST_FILE = Bankey/Info.plist;
				INFOPLIST_KEY_UIApplicationSupportsIndirectInputEvents = YES;
				INFOPLIST_KEY_UILaunchStoryboardName = LaunchScreen;
				INFOPLIST_KEY_UISupportedInterfaceOrientations_iPad = "UIInterfaceOrientationPortrait UIInterfaceOrientationPortraitUpsideDown UIInterfaceOrientationLandscapeLeft UIInterfaceOrientationLandscapeRight";
				INFOPLIST_KEY_UISupportedInterfaceOrientations_iPhone = "UIInterfaceOrientationPortrait UIInterfaceOrientationLandscapeLeft UIInterfaceOrientationLandscapeRight";
				LD_RUNPATH_SEARCH_PATHS = (
					"$(inherited)",
					"@executable_path/Frameworks",
				);
				MARKETING_VERSION = 1.0;
				PRODUCT_BUNDLE_IDENTIFIER = com.annapurna.Bankey;
				PRODUCT_NAME = "$(TARGET_NAME)";
				SWIFT_EMIT_LOC_STRINGS = YES;
				SWIFT_VERSION = 5.0;
				TARGETED_DEVICE_FAMILY = "1,2";
			};
			name = Debug;
		};
		A81FA6A4288892640064CB1B /* Release */ = {
			isa = XCBuildConfiguration;
			buildSettings = {
				ASSETCATALOG_COMPILER_APPICON_NAME = AppIcon;
				ASSETCATALOG_COMPILER_GLOBAL_ACCENT_COLOR_NAME = AccentColor;
				CODE_SIGN_STYLE = Automatic;
				CURRENT_PROJECT_VERSION = 1;
				GENERATE_INFOPLIST_FILE = YES;
				INFOPLIST_FILE = Bankey/Info.plist;
				INFOPLIST_KEY_UIApplicationSupportsIndirectInputEvents = YES;
				INFOPLIST_KEY_UILaunchStoryboardName = LaunchScreen;
				INFOPLIST_KEY_UISupportedInterfaceOrientations_iPad = "UIInterfaceOrientationPortrait UIInterfaceOrientationPortraitUpsideDown UIInterfaceOrientationLandscapeLeft UIInterfaceOrientationLandscapeRight";
				INFOPLIST_KEY_UISupportedInterfaceOrientations_iPhone = "UIInterfaceOrientationPortrait UIInterfaceOrientationLandscapeLeft UIInterfaceOrientationLandscapeRight";
				LD_RUNPATH_SEARCH_PATHS = (
					"$(inherited)",
					"@executable_path/Frameworks",
				);
				MARKETING_VERSION = 1.0;
				PRODUCT_BUNDLE_IDENTIFIER = com.annapurna.Bankey;
				PRODUCT_NAME = "$(TARGET_NAME)";
				SWIFT_EMIT_LOC_STRINGS = YES;
				SWIFT_VERSION = 5.0;
				TARGETED_DEVICE_FAMILY = "1,2";
			};
			name = Release;
		};
		A8398D972890371F00DC464D /* Debug */ = {
			isa = XCBuildConfiguration;
			buildSettings = {
				BUNDLE_LOADER = "$(TEST_HOST)";
				CLANG_ENABLE_MODULES = YES;
				CODE_SIGN_STYLE = Automatic;
				CURRENT_PROJECT_VERSION = 1;
				GENERATE_INFOPLIST_FILE = YES;
				LD_RUNPATH_SEARCH_PATHS = (
					"$(inherited)",
					"@executable_path/Frameworks",
					"@loader_path/Frameworks",
				);
				MARKETING_VERSION = 1.0;
				PRODUCT_BUNDLE_IDENTIFIER = com.annapurna.BankeyUnitTests;
				PRODUCT_NAME = "$(TARGET_NAME)";
				SWIFT_EMIT_LOC_STRINGS = NO;
				SWIFT_OPTIMIZATION_LEVEL = "-Onone";
				SWIFT_VERSION = 5.0;
				TARGETED_DEVICE_FAMILY = "1,2";
				TEST_HOST = "$(BUILT_PRODUCTS_DIR)/Bankey.app/Bankey";
			};
			name = Debug;
		};
		A8398D982890371F00DC464D /* Release */ = {
			isa = XCBuildConfiguration;
			buildSettings = {
				BUNDLE_LOADER = "$(TEST_HOST)";
				CLANG_ENABLE_MODULES = YES;
				CODE_SIGN_STYLE = Automatic;
				CURRENT_PROJECT_VERSION = 1;
				GENERATE_INFOPLIST_FILE = YES;
				LD_RUNPATH_SEARCH_PATHS = (
					"$(inherited)",
					"@executable_path/Frameworks",
					"@loader_path/Frameworks",
				);
				MARKETING_VERSION = 1.0;
				PRODUCT_BUNDLE_IDENTIFIER = com.annapurna.BankeyUnitTests;
				PRODUCT_NAME = "$(TARGET_NAME)";
				SWIFT_EMIT_LOC_STRINGS = NO;
				SWIFT_VERSION = 5.0;
				TARGETED_DEVICE_FAMILY = "1,2";
				TEST_HOST = "$(BUILT_PRODUCTS_DIR)/Bankey.app/Bankey";
			};
			name = Release;
		};
/* End XCBuildConfiguration section */

/* Begin XCConfigurationList section */
		A81FA689288892630064CB1B /* Build configuration list for PBXProject "Bankey" */ = {
			isa = XCConfigurationList;
			buildConfigurations = (
				A81FA6A0288892640064CB1B /* Debug */,
				A81FA6A1288892640064CB1B /* Release */,
			);
			defaultConfigurationIsVisible = 0;
			defaultConfigurationName = Release;
		};
		A81FA6A2288892640064CB1B /* Build configuration list for PBXNativeTarget "Bankey" */ = {
			isa = XCConfigurationList;
			buildConfigurations = (
				A81FA6A3288892640064CB1B /* Debug */,
				A81FA6A4288892640064CB1B /* Release */,
			);
			defaultConfigurationIsVisible = 0;
			defaultConfigurationName = Release;
		};
		A8398D962890371F00DC464D /* Build configuration list for PBXNativeTarget "BankeyUnitTests" */ = {
			isa = XCConfigurationList;
			buildConfigurations = (
				A8398D972890371F00DC464D /* Debug */,
				A8398D982890371F00DC464D /* Release */,
			);
			defaultConfigurationIsVisible = 0;
			defaultConfigurationName = Release;
		};
/* End XCConfigurationList section */
	};
	rootObject = A81FA686288892630064CB1B /* Project object */;
}
